// !$*UTF8*$!
{
	archiveVersion = 1;
	classes = {
	};
	objectVersion = 46;
	objects = {

/* Begin PBXBuildFile section */
		C10385D21B7E5F730010B021 /* AppDelegate.swift in Sources */ = {isa = PBXBuildFile; fileRef = C10385D11B7E5F730010B021 /* AppDelegate.swift */; };
		C10385D41B7E5F730010B021 /* ViewController.swift in Sources */ = {isa = PBXBuildFile; fileRef = C10385D31B7E5F730010B021 /* ViewController.swift */; };
		C10385D71B7E5F730010B021 /* Main.storyboard in Resources */ = {isa = PBXBuildFile; fileRef = C10385D51B7E5F730010B021 /* Main.storyboard */; };
		C10385D91B7E5F730010B021 /* Images.xcassets in Resources */ = {isa = PBXBuildFile; fileRef = C10385D81B7E5F730010B021 /* Images.xcassets */; };
		C10385DC1B7E5F730010B021 /* LaunchScreen.xib in Resources */ = {isa = PBXBuildFile; fileRef = C10385DA1B7E5F730010B021 /* LaunchScreen.xib */; };
		C10385E81B7E5F730010B021 /* _0_20_10Tests.swift in Sources */ = {isa = PBXBuildFile; fileRef = C10385E71B7E5F730010B021 /* _0_20_10Tests.swift */; };
		C10385F41B7E6B390010B021 /* a.mp3 in Resources */ = {isa = PBXBuildFile; fileRef = C10385F11B7E6B390010B021 /* a.mp3 */; };
		C10385F51B7E6B390010B021 /* a2.mp3 in Resources */ = {isa = PBXBuildFile; fileRef = C10385F21B7E6B390010B021 /* a2.mp3 */; };
		C10385F61B7E6B390010B021 /* c.mp3 in Resources */ = {isa = PBXBuildFile; fileRef = C10385F31B7E6B390010B021 /* c.mp3 */; };
		C10385F91B7E6EF00010B021 /* Speed.swift in Sources */ = {isa = PBXBuildFile; fileRef = C10385F81B7E6EF00010B021 /* Speed.swift */; };
		C18892781B90E33400A3909A /* CircleProgress.swift in Sources */ = {isa = PBXBuildFile; fileRef = C18892771B90E33400A3909A /* CircleProgress.swift */; };
		C195C2711B9A1AD900EF82FE /* Mode.swift in Sources */ = {isa = PBXBuildFile; fileRef = C195C2701B9A1AD900EF82FE /* Mode.swift */; };
/* End PBXBuildFile section */

/* Begin PBXContainerItemProxy section */
		C10385E21B7E5F730010B021 /* PBXContainerItemProxy */ = {
			isa = PBXContainerItemProxy;
			containerPortal = C10385C41B7E5F730010B021 /* Project object */;
			proxyType = 1;
			remoteGlobalIDString = C10385CB1B7E5F730010B021;
			remoteInfo = "30-20-10";
		};
/* End PBXContainerItemProxy section */

/* Begin PBXFileReference section */
		C10385CC1B7E5F730010B021 /* 30-20-10.app */ = {isa = PBXFileReference; explicitFileType = wrapper.application; includeInIndex = 0; path = "30-20-10.app"; sourceTree = BUILT_PRODUCTS_DIR; };
		C10385D01B7E5F730010B021 /* Info.plist */ = {isa = PBXFileReference; lastKnownFileType = text.plist.xml; path = Info.plist; sourceTree = "<group>"; };
		C10385D11B7E5F730010B021 /* AppDelegate.swift */ = {isa = PBXFileReference; lastKnownFileType = sourcecode.swift; path = AppDelegate.swift; sourceTree = "<group>"; };
		C10385D31B7E5F730010B021 /* ViewController.swift */ = {isa = PBXFileReference; lastKnownFileType = sourcecode.swift; path = ViewController.swift; sourceTree = "<group>"; };
		C10385D61B7E5F730010B021 /* Base */ = {isa = PBXFileReference; lastKnownFileType = file.storyboard; name = Base; path = Base.lproj/Main.storyboard; sourceTree = "<group>"; };
		C10385D81B7E5F730010B021 /* Images.xcassets */ = {isa = PBXFileReference; lastKnownFileType = folder.assetcatalog; path = Images.xcassets; sourceTree = "<group>"; };
		C10385DB1B7E5F730010B021 /* Base */ = {isa = PBXFileReference; lastKnownFileType = file.xib; name = Base; path = Base.lproj/LaunchScreen.xib; sourceTree = "<group>"; };
		C10385E11B7E5F730010B021 /* 30-20-10Tests.xctest */ = {isa = PBXFileReference; explicitFileType = wrapper.cfbundle; includeInIndex = 0; path = "30-20-10Tests.xctest"; sourceTree = BUILT_PRODUCTS_DIR; };
		C10385E61B7E5F730010B021 /* Info.plist */ = {isa = PBXFileReference; lastKnownFileType = text.plist.xml; path = Info.plist; sourceTree = "<group>"; };
		C10385E71B7E5F730010B021 /* _0_20_10Tests.swift */ = {isa = PBXFileReference; lastKnownFileType = sourcecode.swift; path = _0_20_10Tests.swift; sourceTree = "<group>"; };
		C10385F11B7E6B390010B021 /* a.mp3 */ = {isa = PBXFileReference; lastKnownFileType = audio.mp3; name = a.mp3; path = sounds/a.mp3; sourceTree = "<group>"; };
		C10385F21B7E6B390010B021 /* a2.mp3 */ = {isa = PBXFileReference; lastKnownFileType = audio.mp3; name = a2.mp3; path = sounds/a2.mp3; sourceTree = "<group>"; };
		C10385F31B7E6B390010B021 /* c.mp3 */ = {isa = PBXFileReference; lastKnownFileType = audio.mp3; name = c.mp3; path = sounds/c.mp3; sourceTree = "<group>"; };
		C10385F81B7E6EF00010B021 /* Speed.swift */ = {isa = PBXFileReference; fileEncoding = 4; lastKnownFileType = sourcecode.swift; path = Speed.swift; sourceTree = "<group>"; };
		C18892771B90E33400A3909A /* CircleProgress.swift */ = {isa = PBXFileReference; fileEncoding = 4; lastKnownFileType = sourcecode.swift; name = CircleProgress.swift; path = ../../../CircleProgress/CircleProgress/CircleProgress/CircleProgress.swift; sourceTree = "<group>"; };
		C195C2701B9A1AD900EF82FE /* Mode.swift */ = {isa = PBXFileReference; fileEncoding = 4; lastKnownFileType = sourcecode.swift; path = Mode.swift; sourceTree = "<group>"; };
/* End PBXFileReference section */

/* Begin PBXFrameworksBuildPhase section */
		C10385C91B7E5F730010B021 /* Frameworks */ = {
			isa = PBXFrameworksBuildPhase;
			buildActionMask = 2147483647;
			files = (
			);
			runOnlyForDeploymentPostprocessing = 0;
		};
		C10385DE1B7E5F730010B021 /* Frameworks */ = {
			isa = PBXFrameworksBuildPhase;
			buildActionMask = 2147483647;
			files = (
			);
			runOnlyForDeploymentPostprocessing = 0;
		};
/* End PBXFrameworksBuildPhase section */

/* Begin PBXGroup section */
		C10385C31B7E5F730010B021 = {
			isa = PBXGroup;
			children = (
				C10385CE1B7E5F730010B021 /* 30-20-10 */,
				C10385E41B7E5F730010B021 /* 30-20-10Tests */,
				C10385CD1B7E5F730010B021 /* Products */,
			);
			sourceTree = "<group>";
		};
		C10385CD1B7E5F730010B021 /* Products */ = {
			isa = PBXGroup;
			children = (
				C10385CC1B7E5F730010B021 /* 30-20-10.app */,
				C10385E11B7E5F730010B021 /* 30-20-10Tests.xctest */,
			);
			name = Products;
			sourceTree = "<group>";
		};
		C10385CE1B7E5F730010B021 /* 30-20-10 */ = {
			isa = PBXGroup;
			children = (
				C10385F71B7E6B4B0010B021 /* Sounds */,
				C10385D11B7E5F730010B021 /* AppDelegate.swift */,
				C10385D31B7E5F730010B021 /* ViewController.swift */,
				C10385D51B7E5F730010B021 /* Main.storyboard */,
				C10385D81B7E5F730010B021 /* Images.xcassets */,
				C10385DA1B7E5F730010B021 /* LaunchScreen.xib */,
				C10385CF1B7E5F730010B021 /* Supporting Files */,
				C10385F81B7E6EF00010B021 /* Speed.swift */,
				C18892771B90E33400A3909A /* CircleProgress.swift */,
				C195C2701B9A1AD900EF82FE /* Mode.swift */,
			);
			path = "30-20-10";
			sourceTree = "<group>";
		};
		C10385CF1B7E5F730010B021 /* Supporting Files */ = {
			isa = PBXGroup;
			children = (
				C10385D01B7E5F730010B021 /* Info.plist */,
			);
			name = "Supporting Files";
			sourceTree = "<group>";
		};
		C10385E41B7E5F730010B021 /* 30-20-10Tests */ = {
			isa = PBXGroup;
			children = (
				C10385E71B7E5F730010B021 /* _0_20_10Tests.swift */,
				C10385E51B7E5F730010B021 /* Supporting Files */,
			);
			path = "30-20-10Tests";
			sourceTree = "<group>";
		};
		C10385E51B7E5F730010B021 /* Supporting Files */ = {
			isa = PBXGroup;
			children = (
				C10385E61B7E5F730010B021 /* Info.plist */,
			);
			name = "Supporting Files";
			sourceTree = "<group>";
		};
		C10385F71B7E6B4B0010B021 /* Sounds */ = {
			isa = PBXGroup;
			children = (
				C10385F11B7E6B390010B021 /* a.mp3 */,
				C10385F21B7E6B390010B021 /* a2.mp3 */,
				C10385F31B7E6B390010B021 /* c.mp3 */,
			);
			name = Sounds;
			sourceTree = "<group>";
		};
/* End PBXGroup section */

/* Begin PBXNativeTarget section */
		C10385CB1B7E5F730010B021 /* 30-20-10 */ = {
			isa = PBXNativeTarget;
			buildConfigurationList = C10385EB1B7E5F730010B021 /* Build configuration list for PBXNativeTarget "30-20-10" */;
			buildPhases = (
				C10385C81B7E5F730010B021 /* Sources */,
				C10385C91B7E5F730010B021 /* Frameworks */,
				C10385CA1B7E5F730010B021 /* Resources */,
			);
			buildRules = (
			);
			dependencies = (
			);
			name = "30-20-10";
			productName = "30-20-10";
			productReference = C10385CC1B7E5F730010B021 /* 30-20-10.app */;
			productType = "com.apple.product-type.application";
		};
		C10385E01B7E5F730010B021 /* 30-20-10Tests */ = {
			isa = PBXNativeTarget;
			buildConfigurationList = C10385EE1B7E5F730010B021 /* Build configuration list for PBXNativeTarget "30-20-10Tests" */;
			buildPhases = (
				C10385DD1B7E5F730010B021 /* Sources */,
				C10385DE1B7E5F730010B021 /* Frameworks */,
				C10385DF1B7E5F730010B021 /* Resources */,
			);
			buildRules = (
			);
			dependencies = (
				C10385E31B7E5F730010B021 /* PBXTargetDependency */,
			);
			name = "30-20-10Tests";
			productName = "30-20-10Tests";
			productReference = C10385E11B7E5F730010B021 /* 30-20-10Tests.xctest */;
			productType = "com.apple.product-type.bundle.unit-test";
		};
/* End PBXNativeTarget section */

/* Begin PBXProject section */
		C10385C41B7E5F730010B021 /* Project object */ = {
			isa = PBXProject;
			attributes = {
				LastSwiftMigration = 0700;
				LastSwiftUpdateCheck = 0700;
				LastUpgradeCheck = 0640;
				ORGANIZATIONNAME = "Mutually Human";
				TargetAttributes = {
					C10385CB1B7E5F730010B021 = {
						CreatedOnToolsVersion = 6.4;
					};
					C10385E01B7E5F730010B021 = {
						CreatedOnToolsVersion = 6.4;
						TestTargetID = C10385CB1B7E5F730010B021;
					};
				};
			};
			buildConfigurationList = C10385C71B7E5F730010B021 /* Build configuration list for PBXProject "30-20-10" */;
			compatibilityVersion = "Xcode 3.2";
			developmentRegion = English;
			hasScannedForEncodings = 0;
			knownRegions = (
				en,
				Base,
			);
			mainGroup = C10385C31B7E5F730010B021;
			productRefGroup = C10385CD1B7E5F730010B021 /* Products */;
			projectDirPath = "";
			projectRoot = "";
			targets = (
				C10385CB1B7E5F730010B021 /* 30-20-10 */,
				C10385E01B7E5F730010B021 /* 30-20-10Tests */,
			);
		};
/* End PBXProject section */

/* Begin PBXResourcesBuildPhase section */
		C10385CA1B7E5F730010B021 /* Resources */ = {
			isa = PBXResourcesBuildPhase;
			buildActionMask = 2147483647;
			files = (
				C10385F61B7E6B390010B021 /* c.mp3 in Resources */,
				C10385F51B7E6B390010B021 /* a2.mp3 in Resources */,
				C10385F41B7E6B390010B021 /* a.mp3 in Resources */,
				C10385D71B7E5F730010B021 /* Main.storyboard in Resources */,
				C10385DC1B7E5F730010B021 /* LaunchScreen.xib in Resources */,
				C10385D91B7E5F730010B021 /* Images.xcassets in Resources */,
			);
			runOnlyForDeploymentPostprocessing = 0;
		};
		C10385DF1B7E5F730010B021 /* Resources */ = {
			isa = PBXResourcesBuildPhase;
			buildActionMask = 2147483647;
			files = (
			);
			runOnlyForDeploymentPostprocessing = 0;
		};
/* End PBXResourcesBuildPhase section */

/* Begin PBXSourcesBuildPhase section */
		C10385C81B7E5F730010B021 /* Sources */ = {
			isa = PBXSourcesBuildPhase;
			buildActionMask = 2147483647;
			files = (
				C10385F91B7E6EF00010B021 /* Speed.swift in Sources */,
				C10385D41B7E5F730010B021 /* ViewController.swift in Sources */,
				C195C2711B9A1AD900EF82FE /* Mode.swift in Sources */,
				C18892781B90E33400A3909A /* CircleProgress.swift in Sources */,
				C10385D21B7E5F730010B021 /* AppDelegate.swift in Sources */,
			);
			runOnlyForDeploymentPostprocessing = 0;
		};
		C10385DD1B7E5F730010B021 /* Sources */ = {
			isa = PBXSourcesBuildPhase;
			buildActionMask = 2147483647;
			files = (
				C10385E81B7E5F730010B021 /* _0_20_10Tests.swift in Sources */,
			);
			runOnlyForDeploymentPostprocessing = 0;
		};
/* End PBXSourcesBuildPhase section */

/* Begin PBXTargetDependency section */
		C10385E31B7E5F730010B021 /* PBXTargetDependency */ = {
			isa = PBXTargetDependency;
			target = C10385CB1B7E5F730010B021 /* 30-20-10 */;
			targetProxy = C10385E21B7E5F730010B021 /* PBXContainerItemProxy */;
		};
/* End PBXTargetDependency section */

/* Begin PBXVariantGroup section */
		C10385D51B7E5F730010B021 /* Main.storyboard */ = {
			isa = PBXVariantGroup;
			children = (
				C10385D61B7E5F730010B021 /* Base */,
			);
			name = Main.storyboard;
			sourceTree = "<group>";
		};
		C10385DA1B7E5F730010B021 /* LaunchScreen.xib */ = {
			isa = PBXVariantGroup;
			children = (
				C10385DB1B7E5F730010B021 /* Base */,
			);
			name = LaunchScreen.xib;
			sourceTree = "<group>";
		};
/* End PBXVariantGroup section */

/* Begin XCBuildConfiguration section */
		C10385E91B7E5F730010B021 /* Debug */ = {
			isa = XCBuildConfiguration;
			buildSettings = {
				ALWAYS_SEARCH_USER_PATHS = NO;
				CLANG_CXX_LANGUAGE_STANDARD = "gnu++0x";
				CLANG_CXX_LIBRARY = "libc++";
				CLANG_ENABLE_MODULES = YES;
				CLANG_ENABLE_OBJC_ARC = YES;
				CLANG_WARN_BOOL_CONVERSION = YES;
				CLANG_WARN_CONSTANT_CONVERSION = YES;
				CLANG_WARN_DIRECT_OBJC_ISA_USAGE = YES_ERROR;
				CLANG_WARN_EMPTY_BODY = YES;
				CLANG_WARN_ENUM_CONVERSION = YES;
				CLANG_WARN_INT_CONVERSION = YES;
				CLANG_WARN_OBJC_ROOT_CLASS = YES_ERROR;
				CLANG_WARN_UNREACHABLE_CODE = YES;
				CLANG_WARN__DUPLICATE_METHOD_MATCH = YES;
				"CODE_SIGN_IDENTITY[sdk=iphoneos*]" = "iPhone Developer";
				COPY_PHASE_STRIP = NO;
				DEBUG_INFORMATION_FORMAT = "dwarf-with-dsym";
				ENABLE_STRICT_OBJC_MSGSEND = YES;
				GCC_C_LANGUAGE_STANDARD = gnu99;
				GCC_DYNAMIC_NO_PIC = NO;
				GCC_NO_COMMON_BLOCKS = YES;
				GCC_OPTIMIZATION_LEVEL = 0;
				GCC_PREPROCESSOR_DEFINITIONS = (
					"DEBUG=1",
					"$(inherited)",
				);
				GCC_SYMBOLS_PRIVATE_EXTERN = NO;
				GCC_WARN_64_TO_32_BIT_CONVERSION = YES;
				GCC_WARN_ABOUT_RETURN_TYPE = YES_ERROR;
				GCC_WARN_UNDECLARED_SELECTOR = YES;
				GCC_WARN_UNINITIALIZED_AUTOS = YES_AGGRESSIVE;
				GCC_WARN_UNUSED_FUNCTION = YES;
				GCC_WARN_UNUSED_VARIABLE = YES;
				IPHONEOS_DEPLOYMENT_TARGET = 8.4;
				MTL_ENABLE_DEBUG_INFO = YES;
				ONLY_ACTIVE_ARCH = YES;
				SDKROOT = iphoneos;
				SWIFT_OPTIMIZATION_LEVEL = "-Onone";
				TARGETED_DEVICE_FAMILY = "1,2";
			};
			name = Debug;
		};
		C10385EA1B7E5F730010B021 /* Release */ = {
			isa = XCBuildConfiguration;
			buildSettings = {
				ALWAYS_SEARCH_USER_PATHS = NO;
				CLANG_CXX_LANGUAGE_STANDARD = "gnu++0x";
				CLANG_CXX_LIBRARY = "libc++";
				CLANG_ENABLE_MODULES = YES;
				CLANG_ENABLE_OBJC_ARC = YES;
				CLANG_WARN_BOOL_CONVERSION = YES;
				CLANG_WARN_CONSTANT_CONVERSION = YES;
				CLANG_WARN_DIRECT_OBJC_ISA_USAGE = YES_ERROR;
				CLANG_WARN_EMPTY_BODY = YES;
				CLANG_WARN_ENUM_CONVERSION = YES;
				CLANG_WARN_INT_CONVERSION = YES;
				CLANG_WARN_OBJC_ROOT_CLASS = YES_ERROR;
				CLANG_WARN_UNREACHABLE_CODE = YES;
				CLANG_WARN__DUPLICATE_METHOD_MATCH = YES;
				"CODE_SIGN_IDENTITY[sdk=iphoneos*]" = "iPhone Developer";
				COPY_PHASE_STRIP = NO;
				DEBUG_INFORMATION_FORMAT = "dwarf-with-dsym";
				ENABLE_NS_ASSERTIONS = NO;
				ENABLE_STRICT_OBJC_MSGSEND = YES;
				GCC_C_LANGUAGE_STANDARD = gnu99;
				GCC_NO_COMMON_BLOCKS = YES;
				GCC_WARN_64_TO_32_BIT_CONVERSION = YES;
				GCC_WARN_ABOUT_RETURN_TYPE = YES_ERROR;
				GCC_WARN_UNDECLARED_SELECTOR = YES;
				GCC_WARN_UNINITIALIZED_AUTOS = YES_AGGRESSIVE;
				GCC_WARN_UNUSED_FUNCTION = YES;
				GCC_WARN_UNUSED_VARIABLE = YES;
				IPHONEOS_DEPLOYMENT_TARGET = 8.4;
				MTL_ENABLE_DEBUG_INFO = NO;
				SDKROOT = iphoneos;
				TARGETED_DEVICE_FAMILY = "1,2";
				VALIDATE_PRODUCT = YES;
			};
			name = Release;
		};
		C10385EC1B7E5F730010B021 /* Debug */ = {
			isa = XCBuildConfiguration;
			buildSettings = {
				ASSETCATALOG_COMPILER_APPICON_NAME = AppIcon;
				INFOPLIST_FILE = "30-20-10/Info.plist";
				LD_RUNPATH_SEARCH_PATHS = "$(inherited) @executable_path/Frameworks";
				PRODUCT_NAME = "$(TARGET_NAME)";
			};
			name = Debug;
		};
		C10385ED1B7E5F730010B021 /* Release */ = {
			isa = XCBuildConfiguration;
			buildSettings = {
				ASSETCATALOG_COMPILER_APPICON_NAME = AppIcon;
				INFOPLIST_FILE = "30-20-10/Info.plist";
				LD_RUNPATH_SEARCH_PATHS = "$(inherited) @executable_path/Frameworks";
				PRODUCT_NAME = "$(TARGET_NAME)";
			};
			name = Release;
		};
		C10385EF1B7E5F730010B021 /* Debug */ = {
			isa = XCBuildConfiguration;
			buildSettings = {
				BUNDLE_LOADER = "$(TEST_HOST)";
				FRAMEWORK_SEARCH_PATHS = (
					"$(SDKROOT)/Developer/Library/Frameworks",
					"$(inherited)",
				);
				GCC_PREPROCESSOR_DEFINITIONS = (
					"DEBUG=1",
					"$(inherited)",
				);
				INFOPLIST_FILE = "30-20-10Tests/Info.plist";
				LD_RUNPATH_SEARCH_PATHS = "$(inherited) @executable_path/Frameworks @loader_path/Frameworks";
				PRODUCT_NAME = "$(TARGET_NAME)";
				TEST_HOST = "$(BUILT_PRODUCTS_DIR)/30-20-10.app/30-20-10";
			};
			name = Debug;
		};
		C10385F01B7E5F730010B021 /* Release */ = {
			isa = XCBuildConfiguration;
			buildSettings = {
				BUNDLE_LOADER = "$(TEST_HOST)";
				FRAMEWORK_SEARCH_PATHS = (
					"$(SDKROOT)/Developer/Library/Frameworks",
					"$(inherited)",
				);
				INFOPLIST_FILE = "30-20-10Tests/Info.plist";
				LD_RUNPATH_SEARCH_PATHS = "$(inherited) @executable_path/Frameworks @loader_path/Frameworks";
				PRODUCT_NAME = "$(TARGET_NAME)";
				TEST_HOST = "$(BUILT_PRODUCTS_DIR)/30-20-10.app/30-20-10";
			};
			name = Release;
		};
/* End XCBuildConfiguration section */

/* Begin XCConfigurationList section */
		C10385C71B7E5F730010B021 /* Build configuration list for PBXProject "30-20-10" */ = {
			isa = XCConfigurationList;
			buildConfigurations = (
				C10385E91B7E5F730010B021 /* Debug */,
				C10385EA1B7E5F730010B021 /* Release */,
			);
			defaultConfigurationIsVisible = 0;
			defaultConfigurationName = Release;
		};
		C10385EB1B7E5F730010B021 /* Build configuration list for PBXNativeTarget "30-20-10" */ = {
			isa = XCConfigurationList;
			buildConfigurations = (
				C10385EC1B7E5F730010B021 /* Debug */,
				C10385ED1B7E5F730010B021 /* Release */,
			);
			defaultConfigurationIsVisible = 0;
			defaultConfigurationName = Release;
		};
		C10385EE1B7E5F730010B021 /* Build configuration list for PBXNativeTarget "30-20-10Tests" */ = {
			isa = XCConfigurationList;
			buildConfigurations = (
				C10385EF1B7E5F730010B021 /* Debug */,
				C10385F01B7E5F730010B021 /* Release */,
			);
			defaultConfigurationIsVisible = 0;
			defaultConfigurationName = Release;
		};
/* End XCConfigurationList section */
	};
	rootObject = C10385C41B7E5F730010B021 /* Project object */;
}
